
Microsoft Visual Studio Solution File, Format Version 12.00
# Visual Studio 15
VisualStudioVersion = 15.0.26430.15
MinimumVisualStudioVersion = 10.0.40219.1
Project("{FAE04EC0-301F-11D3-BF4B-00C04F79EFBC}") = "Covariancia_Contravariancia", "Covariancia_Contravariancia\Covariancia_Contravariancia.csproj", "{C30DE1BD-FFEF-4E5D-BC30-5AE97EDD2FD0}"
EndProject
Project("{FAE04EC0-301F-11D3-BF4B-00C04F79EFBC}") = "DelegateMulticast", "DelegateMulticast\DelegateMulticast.csproj", "{D9E5277E-A26C-4C68-8360-C2D42E5BC471}"
EndProject
Project("{FAE04EC0-301F-11D3-BF4B-00C04F79EFBC}") = "DelegatesGenericos", "DelegatesGenericos\DelegatesGenericos.csproj", "{B23752AE-A0E2-4C39-B829-9CC9C3D7A578}"
EndProject
Project("{FAE04EC0-301F-11D3-BF4B-00C04F79EFBC}") = "Events", "Events\Events.csproj", "{E066B664-620C-4ADA-A8E7-6466593F29F9}"
EndProject
Project("{FAE04EC0-301F-11D3-BF4B-00C04F79EFBC}") = "ExpressoesLambdas", "ExpressoesLambdas\ExpressoesLambdas.csproj", "{69C78B94-86E5-4F68-B867-53679F05C8A7}"
	ProjectSection(ProjectDependencies) = postProject
		{E066B664-620C-4ADA-A8E7-6466593F29F9} = {E066B664-620C-4ADA-A8E7-6466593F29F9}
	EndProjectSection
EndProject
Project("{FAE04EC0-301F-11D3-BF4B-00C04F79EFBC}") = "MetodoExtensao", "MetodoExtensao\MetodoExtensao.csproj", "{8D5BA28A-9E3D-4C7B-B18E-19B0DD1066C5}"
EndProject
Project("{FAE04EC0-301F-11D3-BF4B-00C04F79EFBC}") = "LINQ", "LINQ\LINQ.csproj", "{D5225DF9-EBAE-4918-8141-3ADF76D3B0CB}"
EndProject
Global
	GlobalSection(SolutionConfigurationPlatforms) = preSolution
		Debug|Any CPU = Debug|Any CPU
		Debug|ARM = Debug|ARM
		Debug|x64 = Debug|x64
		Debug|x86 = Debug|x86
		Release|Any CPU = Release|Any CPU
		Release|ARM = Release|ARM
		Release|x64 = Release|x64
		Release|x86 = Release|x86
	EndGlobalSection
	GlobalSection(ProjectConfigurationPlatforms) = postSolution
		{C30DE1BD-FFEF-4E5D-BC30-5AE97EDD2FD0}.Debug|Any CPU.ActiveCfg = Debug|Any CPU
		{C30DE1BD-FFEF-4E5D-BC30-5AE97EDD2FD0}.Debug|Any CPU.Build.0 = Debug|Any CPU
		{C30DE1BD-FFEF-4E5D-BC30-5AE97EDD2FD0}.Debug|ARM.ActiveCfg = Debug|Any CPU
		{C30DE1BD-FFEF-4E5D-BC30-5AE97EDD2FD0}.Debug|ARM.Build.0 = Debug|Any CPU
		{C30DE1BD-FFEF-4E5D-BC30-5AE97EDD2FD0}.Debug|x64.ActiveCfg = Debug|Any CPU
		{C30DE1BD-FFEF-4E5D-BC30-5AE97EDD2FD0}.Debug|x64.Build.0 = Debug|Any CPU
		{C30DE1BD-FFEF-4E5D-BC30-5AE97EDD2FD0}.Debug|x86.ActiveCfg = Debug|Any CPU
		{C30DE1BD-FFEF-4E5D-BC30-5AE97EDD2FD0}.Debug|x86.Build.0 = Debug|Any CPU
		{C30DE1BD-FFEF-4E5D-BC30-5AE97EDD2FD0}.Release|Any CPU.ActiveCfg = Release|Any CPU
		{C30DE1BD-FFEF-4E5D-BC30-5AE97EDD2FD0}.Release|Any CPU.Build.0 = Release|Any CPU
		{C30DE1BD-FFEF-4E5D-BC30-5AE97EDD2FD0}.Release|ARM.ActiveCfg = Release|Any CPU
		{C30DE1BD-FFEF-4E5D-BC30-5AE97EDD2FD0}.Release|ARM.Build.0 = Release|Any CPU
		{C30DE1BD-FFEF-4E5D-BC30-5AE97EDD2FD0}.Release|x64.ActiveCfg = Release|Any CPU
		{C30DE1BD-FFEF-4E5D-BC30-5AE97EDD2FD0}.Release|x64.Build.0 = Release|Any CPU
		{C30DE1BD-FFEF-4E5D-BC30-5AE97EDD2FD0}.Release|x86.ActiveCfg = Release|Any CPU
		{C30DE1BD-FFEF-4E5D-BC30-5AE97EDD2FD0}.Release|x86.Build.0 = Release|Any CPU
		{D9E5277E-A26C-4C68-8360-C2D42E5BC471}.Debug|Any CPU.ActiveCfg = Debug|Any CPU
		{D9E5277E-A26C-4C68-8360-C2D42E5BC471}.Debug|Any CPU.Build.0 = Debug|Any CPU
		{D9E5277E-A26C-4C68-8360-C2D42E5BC471}.Debug|ARM.ActiveCfg = Debug|Any CPU
		{D9E5277E-A26C-4C68-8360-C2D42E5BC471}.Debug|ARM.Build.0 = Debug|Any CPU
		{D9E5277E-A26C-4C68-8360-C2D42E5BC471}.Debug|x64.ActiveCfg = Debug|Any CPU
		{D9E5277E-A26C-4C68-8360-C2D42E5BC471}.Debug|x64.Build.0 = Debug|Any CPU
		{D9E5277E-A26C-4C68-8360-C2D42E5BC471}.Debug|x86.ActiveCfg = Debug|Any CPU
		{D9E5277E-A26C-4C68-8360-C2D42E5BC471}.Debug|x86.Build.0 = Debug|Any CPU
		{D9E5277E-A26C-4C68-8360-C2D42E5BC471}.Release|Any CPU.ActiveCfg = Release|Any CPU
		{D9E5277E-A26C-4C68-8360-C2D42E5BC471}.Release|Any CPU.Build.0 = Release|Any CPU
		{D9E5277E-A26C-4C68-8360-C2D42E5BC471}.Release|ARM.ActiveCfg = Release|Any CPU
		{D9E5277E-A26C-4C68-8360-C2D42E5BC471}.Release|ARM.Build.0 = Release|Any CPU
		{D9E5277E-A26C-4C68-8360-C2D42E5BC471}.Release|x64.ActiveCfg = Release|Any CPU
		{D9E5277E-A26C-4C68-8360-C2D42E5BC471}.Release|x64.Build.0 = Release|Any CPU
		{D9E5277E-A26C-4C68-8360-C2D42E5BC471}.Release|x86.ActiveCfg = Release|Any CPU
		{D9E5277E-A26C-4C68-8360-C2D42E5BC471}.Release|x86.Build.0 = Release|Any CPU
		{B23752AE-A0E2-4C39-B829-9CC9C3D7A578}.Debug|Any CPU.ActiveCfg = Debug|Any CPU
		{B23752AE-A0E2-4C39-B829-9CC9C3D7A578}.Debug|Any CPU.Build.0 = Debug|Any CPU
		{B23752AE-A0E2-4C39-B829-9CC9C3D7A578}.Debug|ARM.ActiveCfg = Debug|Any CPU
		{B23752AE-A0E2-4C39-B829-9CC9C3D7A578}.Debug|ARM.Build.0 = Debug|Any CPU
		{B23752AE-A0E2-4C39-B829-9CC9C3D7A578}.Debug|x64.ActiveCfg = Debug|Any CPU
		{B23752AE-A0E2-4C39-B829-9CC9C3D7A578}.Debug|x64.Build.0 = Debug|Any CPU
		{B23752AE-A0E2-4C39-B829-9CC9C3D7A578}.Debug|x86.ActiveCfg = Debug|Any CPU
		{B23752AE-A0E2-4C39-B829-9CC9C3D7A578}.Debug|x86.Build.0 = Debug|Any CPU
		{B23752AE-A0E2-4C39-B829-9CC9C3D7A578}.Release|Any CPU.ActiveCfg = Release|Any CPU
		{B23752AE-A0E2-4C39-B829-9CC9C3D7A578}.Release|Any CPU.Build.0 = Release|Any CPU
		{B23752AE-A0E2-4C39-B829-9CC9C3D7A578}.Release|ARM.ActiveCfg = Release|Any CPU
		{B23752AE-A0E2-4C39-B829-9CC9C3D7A578}.Release|ARM.Build.0 = Release|Any CPU
		{B23752AE-A0E2-4C39-B829-9CC9C3D7A578}.Release|x64.ActiveCfg = Release|Any CPU
		{B23752AE-A0E2-4C39-B829-9CC9C3D7A578}.Release|x64.Build.0 = Release|Any CPU
		{B23752AE-A0E2-4C39-B829-9CC9C3D7A578}.Release|x86.ActiveCfg = Release|Any CPU
		{B23752AE-A0E2-4C39-B829-9CC9C3D7A578}.Release|x86.Build.0 = Release|Any CPU
		{E066B664-620C-4ADA-A8E7-6466593F29F9}.Debug|Any CPU.ActiveCfg = Debug|Any CPU
		{E066B664-620C-4ADA-A8E7-6466593F29F9}.Debug|Any CPU.Build.0 = Debug|Any CPU
		{E066B664-620C-4ADA-A8E7-6466593F29F9}.Debug|ARM.ActiveCfg = Debug|Any CPU
		{E066B664-620C-4ADA-A8E7-6466593F29F9}.Debug|ARM.Build.0 = Debug|Any CPU
		{E066B664-620C-4ADA-A8E7-6466593F29F9}.Debug|x64.ActiveCfg = Debug|Any CPU
		{E066B664-620C-4ADA-A8E7-6466593F29F9}.Debug|x64.Build.0 = Debug|Any CPU
		{E066B664-620C-4ADA-A8E7-6466593F29F9}.Debug|x86.ActiveCfg = Debug|Any CPU
		{E066B664-620C-4ADA-A8E7-6466593F29F9}.Debug|x86.Build.0 = Debug|Any CPU
		{E066B664-620C-4ADA-A8E7-6466593F29F9}.Release|Any CPU.ActiveCfg = Release|Any CPU
		{E066B664-620C-4ADA-A8E7-6466593F29F9}.Release|Any CPU.Build.0 = Release|Any CPU
		{E066B664-620C-4ADA-A8E7-6466593F29F9}.Release|ARM.ActiveCfg = Release|Any CPU
		{E066B664-620C-4ADA-A8E7-6466593F29F9}.Release|ARM.Build.0 = Release|Any CPU
		{E066B664-620C-4ADA-A8E7-6466593F29F9}.Release|x64.ActiveCfg = Release|Any CPU
		{E066B664-620C-4ADA-A8E7-6466593F29F9}.Release|x64.Build.0 = Release|Any CPU
		{E066B664-620C-4ADA-A8E7-6466593F29F9}.Release|x86.ActiveCfg = Release|Any CPU
		{E066B664-620C-4ADA-A8E7-6466593F29F9}.Release|x86.Build.0 = Release|Any CPU
		{69C78B94-86E5-4F68-B867-53679F05C8A7}.Debug|Any CPU.ActiveCfg = Debug|Any CPU
		{69C78B94-86E5-4F68-B867-53679F05C8A7}.Debug|Any CPU.Build.0 = Debug|Any CPU
		{69C78B94-86E5-4F68-B867-53679F05C8A7}.Debug|ARM.ActiveCfg = Debug|Any CPU
		{69C78B94-86E5-4F68-B867-53679F05C8A7}.Debug|ARM.Build.0 = Debug|Any CPU
		{69C78B94-86E5-4F68-B867-53679F05C8A7}.Debug|x64.ActiveCfg = Debug|Any CPU
		{69C78B94-86E5-4F68-B867-53679F05C8A7}.Debug|x64.Build.0 = Debug|Any CPU
		{69C78B94-86E5-4F68-B867-53679F05C8A7}.Debug|x86.ActiveCfg = Debug|Any CPU
		{69C78B94-86E5-4F68-B867-53679F05C8A7}.Debug|x86.Build.0 = Debug|Any CPU
		{69C78B94-86E5-4F68-B867-53679F05C8A7}.Release|Any CPU.ActiveCfg = Release|Any CPU
		{69C78B94-86E5-4F68-B867-53679F05C8A7}.Release|Any CPU.Build.0 = Release|Any CPU
		{69C78B94-86E5-4F68-B867-53679F05C8A7}.Release|ARM.ActiveCfg = Release|Any CPU
		{69C78B94-86E5-4F68-B867-53679F05C8A7}.Release|ARM.Build.0 = Release|Any CPU
		{69C78B94-86E5-4F68-B867-53679F05C8A7}.Release|x64.ActiveCfg = Release|Any CPU
		{69C78B94-86E5-4F68-B867-53679F05C8A7}.Release|x64.Build.0 = Release|Any CPU
		{69C78B94-86E5-4F68-B867-53679F05C8A7}.Release|x86.ActiveCfg = Release|Any CPU
		{69C78B94-86E5-4F68-B867-53679F05C8A7}.Release|x86.Build.0 = Release|Any CPU
		{8D5BA28A-9E3D-4C7B-B18E-19B0DD1066C5}.Debug|Any CPU.ActiveCfg = Debug|Any CPU
		{8D5BA28A-9E3D-4C7B-B18E-19B0DD1066C5}.Debug|Any CPU.Build.0 = Debug|Any CPU
		{8D5BA28A-9E3D-4C7B-B18E-19B0DD1066C5}.Debug|ARM.ActiveCfg = Debug|Any CPU
		{8D5BA28A-9E3D-4C7B-B18E-19B0DD1066C5}.Debug|ARM.Build.0 = Debug|Any CPU
		{8D5BA28A-9E3D-4C7B-B18E-19B0DD1066C5}.Debug|x64.ActiveCfg = Debug|Any CPU
		{8D5BA28A-9E3D-4C7B-B18E-19B0DD1066C5}.Debug|x64.Build.0 = Debug|Any CPU
		{8D5BA28A-9E3D-4C7B-B18E-19B0DD1066C5}.Debug|x86.ActiveCfg = Debug|Any CPU
		{8D5BA28A-9E3D-4C7B-B18E-19B0DD1066C5}.Debug|x86.Build.0 = Debug|Any CPU
		{8D5BA28A-9E3D-4C7B-B18E-19B0DD1066C5}.Release|Any CPU.ActiveCfg = Release|Any CPU
		{8D5BA28A-9E3D-4C7B-B18E-19B0DD1066C5}.Release|Any CPU.Build.0 = Release|Any CPU
		{8D5BA28A-9E3D-4C7B-B18E-19B0DD1066C5}.Release|ARM.ActiveCfg = Release|Any CPU
		{8D5BA28A-9E3D-4C7B-B18E-19B0DD1066C5}.Release|ARM.Build.0 = Release|Any CPU
		{8D5BA28A-9E3D-4C7B-B18E-19B0DD1066C5}.Release|x64.ActiveCfg = Release|Any CPU
		{8D5BA28A-9E3D-4C7B-B18E-19B0DD1066C5}.Release|x64.Build.0 = Release|Any CPU
		{8D5BA28A-9E3D-4C7B-B18E-19B0DD1066C5}.Release|x86.ActiveCfg = Release|Any CPU
		{8D5BA28A-9E3D-4C7B-B18E-19B0DD1066C5}.Release|x86.Build.0 = Release|Any CPU
		{D5225DF9-EBAE-4918-8141-3ADF76D3B0CB}.Debug|Any CPU.ActiveCfg = Debug|Any CPU
		{D5225DF9-EBAE-4918-8141-3ADF76D3B0CB}.Debug|Any CPU.Build.0 = Debug|Any CPU
		{D5225DF9-EBAE-4918-8141-3ADF76D3B0CB}.Debug|ARM.ActiveCfg = Debug|Any CPU
		{D5225DF9-EBAE-4918-8141-3ADF76D3B0CB}.Debug|ARM.Build.0 = Debug|Any CPU
		{D5225DF9-EBAE-4918-8141-3ADF76D3B0CB}.Debug|x64.ActiveCfg = Debug|Any CPU
		{D5225DF9-EBAE-4918-8141-3ADF76D3B0CB}.Debug|x64.Build.0 = Debug|Any CPU
		{D5225DF9-EBAE-4918-8141-3ADF76D3B0CB}.Debug|x86.ActiveCfg = Debug|Any CPU
		{D5225DF9-EBAE-4918-8141-3ADF76D3B0CB}.Debug|x86.Build.0 = Debug|Any CPU
		{D5225DF9-EBAE-4918-8141-3ADF76D3B0CB}.Release|Any CPU.ActiveCfg = Release|Any CPU
		{D5225DF9-EBAE-4918-8141-3ADF76D3B0CB}.Release|Any CPU.Build.0 = Release|Any CPU
		{D5225DF9-EBAE-4918-8141-3ADF76D3B0CB}.Release|ARM.ActiveCfg = Release|Any CPU
		{D5225DF9-EBAE-4918-8141-3ADF76D3B0CB}.Release|ARM.Build.0 = Release|Any CPU
		{D5225DF9-EBAE-4918-8141-3ADF76D3B0CB}.Release|x64.ActiveCfg = Release|Any CPU
		{D5225DF9-EBAE-4918-8141-3ADF76D3B0CB}.Release|x64.Build.0 = Release|Any CPU
		{D5225DF9-EBAE-4918-8141-3ADF76D3B0CB}.Release|x86.ActiveCfg = Release|Any CPU
		{D5225DF9-EBAE-4918-8141-3ADF76D3B0CB}.Release|x86.Build.0 = Release|Any CPU
	EndGlobalSection
	GlobalSection(SolutionProperties) = preSolution
		HideSolutionNode = FALSE
	EndGlobalSection
EndGlobal
