
Microsoft Visual Studio Solution File, Format Version 12.00
# Visual Studio 14
VisualStudioVersion = 14.0.25420.1
MinimumVisualStudioVersion = 10.0.40219.1
Project("{FAE04EC0-301F-11D3-BF4B-00C04F79EFBC}") = "Dominio", "Dominio\Dominio.csproj", "{870C0C73-2EBB-4697-87A6-EFC911A0E3DE}"
EndProject
Project("{FAE04EC0-301F-11D3-BF4B-00C04F79EFBC}") = "Repositorio", "Repositorio\Repositorio.csproj", "{DED91445-C005-42CF-B6FA-ABDF65132C69}"
EndProject
Project("{FAE04EC0-301F-11D3-BF4B-00C04F79EFBC}") = "Persistencia.EF", "Persistencia.EF\Persistencia.EF.csproj", "{BC4DEB17-3328-4B93-856C-5D92A9C82186}"
EndProject
Project("{FAE04EC0-301F-11D3-BF4B-00C04F79EFBC}") = "CadastroPessoas", "CadastroPessoas\CadastroPessoas.csproj", "{B5C644E8-5A8D-4A2F-A1CA-173396D56F65}"
EndProject
Project("{FAE04EC0-301F-11D3-BF4B-00C04F79EFBC}") = "Persistencia.NHibernate", "Persistencia.NHibernate\Persistencia.NHibernate.csproj", "{29EDE9EE-B5F7-4A72-B46A-7E819681C89B}"
EndProject
Project("{FAE04EC0-301F-11D3-BF4B-00C04F79EFBC}") = "CadastroPessoas.WPF", "CadastroPessoas.WPF\CadastroPessoas.WPF.csproj", "{3960DE86-981A-4D89-AD29-164EB1D6700E}"
EndProject
Project("{FAE04EC0-301F-11D3-BF4B-00C04F79EFBC}") = "CadastroPessoas.Task.WPF", "CadastroPessoas.Task.WPF\CadastroPessoas.Task.WPF.csproj", "{F1B5E5E7-D367-493A-8736-422B024FD640}"
EndProject
Global
	GlobalSection(SolutionConfigurationPlatforms) = preSolution
		Debug|Any CPU = Debug|Any CPU
		Debug|ARM = Debug|ARM
		Debug|x64 = Debug|x64
		Debug|x86 = Debug|x86
		Release|Any CPU = Release|Any CPU
		Release|ARM = Release|ARM
		Release|x64 = Release|x64
		Release|x86 = Release|x86
	EndGlobalSection
	GlobalSection(ProjectConfigurationPlatforms) = postSolution
		{870C0C73-2EBB-4697-87A6-EFC911A0E3DE}.Debug|Any CPU.ActiveCfg = Debug|Any CPU
		{870C0C73-2EBB-4697-87A6-EFC911A0E3DE}.Debug|Any CPU.Build.0 = Debug|Any CPU
		{870C0C73-2EBB-4697-87A6-EFC911A0E3DE}.Debug|ARM.ActiveCfg = Debug|Any CPU
		{870C0C73-2EBB-4697-87A6-EFC911A0E3DE}.Debug|ARM.Build.0 = Debug|Any CPU
		{870C0C73-2EBB-4697-87A6-EFC911A0E3DE}.Debug|x64.ActiveCfg = Debug|Any CPU
		{870C0C73-2EBB-4697-87A6-EFC911A0E3DE}.Debug|x64.Build.0 = Debug|Any CPU
		{870C0C73-2EBB-4697-87A6-EFC911A0E3DE}.Debug|x86.ActiveCfg = Debug|Any CPU
		{870C0C73-2EBB-4697-87A6-EFC911A0E3DE}.Debug|x86.Build.0 = Debug|Any CPU
		{870C0C73-2EBB-4697-87A6-EFC911A0E3DE}.Release|Any CPU.ActiveCfg = Release|Any CPU
		{870C0C73-2EBB-4697-87A6-EFC911A0E3DE}.Release|Any CPU.Build.0 = Release|Any CPU
		{870C0C73-2EBB-4697-87A6-EFC911A0E3DE}.Release|ARM.ActiveCfg = Release|Any CPU
		{870C0C73-2EBB-4697-87A6-EFC911A0E3DE}.Release|ARM.Build.0 = Release|Any CPU
		{870C0C73-2EBB-4697-87A6-EFC911A0E3DE}.Release|x64.ActiveCfg = Release|Any CPU
		{870C0C73-2EBB-4697-87A6-EFC911A0E3DE}.Release|x64.Build.0 = Release|Any CPU
		{870C0C73-2EBB-4697-87A6-EFC911A0E3DE}.Release|x86.ActiveCfg = Release|Any CPU
		{870C0C73-2EBB-4697-87A6-EFC911A0E3DE}.Release|x86.Build.0 = Release|Any CPU
		{DED91445-C005-42CF-B6FA-ABDF65132C69}.Debug|Any CPU.ActiveCfg = Debug|Any CPU
		{DED91445-C005-42CF-B6FA-ABDF65132C69}.Debug|Any CPU.Build.0 = Debug|Any CPU
		{DED91445-C005-42CF-B6FA-ABDF65132C69}.Debug|ARM.ActiveCfg = Debug|Any CPU
		{DED91445-C005-42CF-B6FA-ABDF65132C69}.Debug|ARM.Build.0 = Debug|Any CPU
		{DED91445-C005-42CF-B6FA-ABDF65132C69}.Debug|x64.ActiveCfg = Debug|Any CPU
		{DED91445-C005-42CF-B6FA-ABDF65132C69}.Debug|x64.Build.0 = Debug|Any CPU
		{DED91445-C005-42CF-B6FA-ABDF65132C69}.Debug|x86.ActiveCfg = Debug|Any CPU
		{DED91445-C005-42CF-B6FA-ABDF65132C69}.Debug|x86.Build.0 = Debug|Any CPU
		{DED91445-C005-42CF-B6FA-ABDF65132C69}.Release|Any CPU.ActiveCfg = Release|Any CPU
		{DED91445-C005-42CF-B6FA-ABDF65132C69}.Release|Any CPU.Build.0 = Release|Any CPU
		{DED91445-C005-42CF-B6FA-ABDF65132C69}.Release|ARM.ActiveCfg = Release|Any CPU
		{DED91445-C005-42CF-B6FA-ABDF65132C69}.Release|ARM.Build.0 = Release|Any CPU
		{DED91445-C005-42CF-B6FA-ABDF65132C69}.Release|x64.ActiveCfg = Release|Any CPU
		{DED91445-C005-42CF-B6FA-ABDF65132C69}.Release|x64.Build.0 = Release|Any CPU
		{DED91445-C005-42CF-B6FA-ABDF65132C69}.Release|x86.ActiveCfg = Release|Any CPU
		{DED91445-C005-42CF-B6FA-ABDF65132C69}.Release|x86.Build.0 = Release|Any CPU
		{BC4DEB17-3328-4B93-856C-5D92A9C82186}.Debug|Any CPU.ActiveCfg = Debug|Any CPU
		{BC4DEB17-3328-4B93-856C-5D92A9C82186}.Debug|Any CPU.Build.0 = Debug|Any CPU
		{BC4DEB17-3328-4B93-856C-5D92A9C82186}.Debug|ARM.ActiveCfg = Debug|Any CPU
		{BC4DEB17-3328-4B93-856C-5D92A9C82186}.Debug|ARM.Build.0 = Debug|Any CPU
		{BC4DEB17-3328-4B93-856C-5D92A9C82186}.Debug|x64.ActiveCfg = Debug|Any CPU
		{BC4DEB17-3328-4B93-856C-5D92A9C82186}.Debug|x64.Build.0 = Debug|Any CPU
		{BC4DEB17-3328-4B93-856C-5D92A9C82186}.Debug|x86.ActiveCfg = Debug|Any CPU
		{BC4DEB17-3328-4B93-856C-5D92A9C82186}.Debug|x86.Build.0 = Debug|Any CPU
		{BC4DEB17-3328-4B93-856C-5D92A9C82186}.Release|Any CPU.ActiveCfg = Release|Any CPU
		{BC4DEB17-3328-4B93-856C-5D92A9C82186}.Release|Any CPU.Build.0 = Release|Any CPU
		{BC4DEB17-3328-4B93-856C-5D92A9C82186}.Release|ARM.ActiveCfg = Release|Any CPU
		{BC4DEB17-3328-4B93-856C-5D92A9C82186}.Release|ARM.Build.0 = Release|Any CPU
		{BC4DEB17-3328-4B93-856C-5D92A9C82186}.Release|x64.ActiveCfg = Release|Any CPU
		{BC4DEB17-3328-4B93-856C-5D92A9C82186}.Release|x64.Build.0 = Release|Any CPU
		{BC4DEB17-3328-4B93-856C-5D92A9C82186}.Release|x86.ActiveCfg = Release|Any CPU
		{BC4DEB17-3328-4B93-856C-5D92A9C82186}.Release|x86.Build.0 = Release|Any CPU
		{B5C644E8-5A8D-4A2F-A1CA-173396D56F65}.Debug|Any CPU.ActiveCfg = Debug|Any CPU
		{B5C644E8-5A8D-4A2F-A1CA-173396D56F65}.Debug|Any CPU.Build.0 = Debug|Any CPU
		{B5C644E8-5A8D-4A2F-A1CA-173396D56F65}.Debug|ARM.ActiveCfg = Debug|Any CPU
		{B5C644E8-5A8D-4A2F-A1CA-173396D56F65}.Debug|ARM.Build.0 = Debug|Any CPU
		{B5C644E8-5A8D-4A2F-A1CA-173396D56F65}.Debug|x64.ActiveCfg = Debug|Any CPU
		{B5C644E8-5A8D-4A2F-A1CA-173396D56F65}.Debug|x64.Build.0 = Debug|Any CPU
		{B5C644E8-5A8D-4A2F-A1CA-173396D56F65}.Debug|x86.ActiveCfg = Debug|Any CPU
		{B5C644E8-5A8D-4A2F-A1CA-173396D56F65}.Debug|x86.Build.0 = Debug|Any CPU
		{B5C644E8-5A8D-4A2F-A1CA-173396D56F65}.Release|Any CPU.ActiveCfg = Release|Any CPU
		{B5C644E8-5A8D-4A2F-A1CA-173396D56F65}.Release|Any CPU.Build.0 = Release|Any CPU
		{B5C644E8-5A8D-4A2F-A1CA-173396D56F65}.Release|ARM.ActiveCfg = Release|Any CPU
		{B5C644E8-5A8D-4A2F-A1CA-173396D56F65}.Release|ARM.Build.0 = Release|Any CPU
		{B5C644E8-5A8D-4A2F-A1CA-173396D56F65}.Release|x64.ActiveCfg = Release|Any CPU
		{B5C644E8-5A8D-4A2F-A1CA-173396D56F65}.Release|x64.Build.0 = Release|Any CPU
		{B5C644E8-5A8D-4A2F-A1CA-173396D56F65}.Release|x86.ActiveCfg = Release|Any CPU
		{B5C644E8-5A8D-4A2F-A1CA-173396D56F65}.Release|x86.Build.0 = Release|Any CPU
		{29EDE9EE-B5F7-4A72-B46A-7E819681C89B}.Debug|Any CPU.ActiveCfg = Debug|Any CPU
		{29EDE9EE-B5F7-4A72-B46A-7E819681C89B}.Debug|Any CPU.Build.0 = Debug|Any CPU
		{29EDE9EE-B5F7-4A72-B46A-7E819681C89B}.Debug|ARM.ActiveCfg = Debug|Any CPU
		{29EDE9EE-B5F7-4A72-B46A-7E819681C89B}.Debug|ARM.Build.0 = Debug|Any CPU
		{29EDE9EE-B5F7-4A72-B46A-7E819681C89B}.Debug|x64.ActiveCfg = Debug|Any CPU
		{29EDE9EE-B5F7-4A72-B46A-7E819681C89B}.Debug|x64.Build.0 = Debug|Any CPU
		{29EDE9EE-B5F7-4A72-B46A-7E819681C89B}.Debug|x86.ActiveCfg = Debug|Any CPU
		{29EDE9EE-B5F7-4A72-B46A-7E819681C89B}.Debug|x86.Build.0 = Debug|Any CPU
		{29EDE9EE-B5F7-4A72-B46A-7E819681C89B}.Release|Any CPU.ActiveCfg = Release|Any CPU
		{29EDE9EE-B5F7-4A72-B46A-7E819681C89B}.Release|Any CPU.Build.0 = Release|Any CPU
		{29EDE9EE-B5F7-4A72-B46A-7E819681C89B}.Release|ARM.ActiveCfg = Release|Any CPU
		{29EDE9EE-B5F7-4A72-B46A-7E819681C89B}.Release|ARM.Build.0 = Release|Any CPU
		{29EDE9EE-B5F7-4A72-B46A-7E819681C89B}.Release|x64.ActiveCfg = Release|Any CPU
		{29EDE9EE-B5F7-4A72-B46A-7E819681C89B}.Release|x64.Build.0 = Release|Any CPU
		{29EDE9EE-B5F7-4A72-B46A-7E819681C89B}.Release|x86.ActiveCfg = Release|Any CPU
		{29EDE9EE-B5F7-4A72-B46A-7E819681C89B}.Release|x86.Build.0 = Release|Any CPU
		{3960DE86-981A-4D89-AD29-164EB1D6700E}.Debug|Any CPU.ActiveCfg = Debug|Any CPU
		{3960DE86-981A-4D89-AD29-164EB1D6700E}.Debug|Any CPU.Build.0 = Debug|Any CPU
		{3960DE86-981A-4D89-AD29-164EB1D6700E}.Debug|ARM.ActiveCfg = Debug|Any CPU
		{3960DE86-981A-4D89-AD29-164EB1D6700E}.Debug|ARM.Build.0 = Debug|Any CPU
		{3960DE86-981A-4D89-AD29-164EB1D6700E}.Debug|x64.ActiveCfg = Debug|Any CPU
		{3960DE86-981A-4D89-AD29-164EB1D6700E}.Debug|x64.Build.0 = Debug|Any CPU
		{3960DE86-981A-4D89-AD29-164EB1D6700E}.Debug|x86.ActiveCfg = Debug|Any CPU
		{3960DE86-981A-4D89-AD29-164EB1D6700E}.Debug|x86.Build.0 = Debug|Any CPU
		{3960DE86-981A-4D89-AD29-164EB1D6700E}.Release|Any CPU.ActiveCfg = Release|Any CPU
		{3960DE86-981A-4D89-AD29-164EB1D6700E}.Release|Any CPU.Build.0 = Release|Any CPU
		{3960DE86-981A-4D89-AD29-164EB1D6700E}.Release|ARM.ActiveCfg = Release|Any CPU
		{3960DE86-981A-4D89-AD29-164EB1D6700E}.Release|ARM.Build.0 = Release|Any CPU
		{3960DE86-981A-4D89-AD29-164EB1D6700E}.Release|x64.ActiveCfg = Release|Any CPU
		{3960DE86-981A-4D89-AD29-164EB1D6700E}.Release|x64.Build.0 = Release|Any CPU
		{3960DE86-981A-4D89-AD29-164EB1D6700E}.Release|x86.ActiveCfg = Release|Any CPU
		{3960DE86-981A-4D89-AD29-164EB1D6700E}.Release|x86.Build.0 = Release|Any CPU
		{F1B5E5E7-D367-493A-8736-422B024FD640}.Debug|Any CPU.ActiveCfg = Debug|Any CPU
		{F1B5E5E7-D367-493A-8736-422B024FD640}.Debug|Any CPU.Build.0 = Debug|Any CPU
		{F1B5E5E7-D367-493A-8736-422B024FD640}.Debug|ARM.ActiveCfg = Debug|Any CPU
		{F1B5E5E7-D367-493A-8736-422B024FD640}.Debug|ARM.Build.0 = Debug|Any CPU
		{F1B5E5E7-D367-493A-8736-422B024FD640}.Debug|x64.ActiveCfg = Debug|Any CPU
		{F1B5E5E7-D367-493A-8736-422B024FD640}.Debug|x64.Build.0 = Debug|Any CPU
		{F1B5E5E7-D367-493A-8736-422B024FD640}.Debug|x86.ActiveCfg = Debug|Any CPU
		{F1B5E5E7-D367-493A-8736-422B024FD640}.Debug|x86.Build.0 = Debug|Any CPU
		{F1B5E5E7-D367-493A-8736-422B024FD640}.Release|Any CPU.ActiveCfg = Release|Any CPU
		{F1B5E5E7-D367-493A-8736-422B024FD640}.Release|Any CPU.Build.0 = Release|Any CPU
		{F1B5E5E7-D367-493A-8736-422B024FD640}.Release|ARM.ActiveCfg = Release|Any CPU
		{F1B5E5E7-D367-493A-8736-422B024FD640}.Release|ARM.Build.0 = Release|Any CPU
		{F1B5E5E7-D367-493A-8736-422B024FD640}.Release|x64.ActiveCfg = Release|Any CPU
		{F1B5E5E7-D367-493A-8736-422B024FD640}.Release|x64.Build.0 = Release|Any CPU
		{F1B5E5E7-D367-493A-8736-422B024FD640}.Release|x86.ActiveCfg = Release|Any CPU
		{F1B5E5E7-D367-493A-8736-422B024FD640}.Release|x86.Build.0 = Release|Any CPU
	EndGlobalSection
	GlobalSection(SolutionProperties) = preSolution
		HideSolutionNode = FALSE
	EndGlobalSection
EndGlobal
