
Microsoft Visual Studio Solution File, Format Version 12.00
# Visual Studio Version 16
VisualStudioVersion = 16.0.31112.23
MinimumVisualStudioVersion = 10.0.40219.1
Project("{FAE04EC0-301F-11D3-BF4B-00C04F79EFBC}") = "Cadastro", "Cadastro\Cadastro.csproj", "{BFA1DB00-735B-4F7A-B58D-11B85F0CDD12}"
EndProject
Global
	GlobalSection(SolutionConfigurationPlatforms) = preSolution
		Debug|Any CPU = Debug|Any CPU
		Release|Any CPU = Release|Any CPU
	EndGlobalSection
	GlobalSection(ProjectConfigurationPlatforms) = postSolution
		{BFA1DB00-735B-4F7A-B58D-11B85F0CDD12}.Debug|Any CPU.ActiveCfg = Debug|Any CPU
		{BFA1DB00-735B-4F7A-B58D-11B85F0CDD12}.Debug|Any CPU.Build.0 = Debug|Any CPU
		{BFA1DB00-735B-4F7A-B58D-11B85F0CDD12}.Release|Any CPU.ActiveCfg = Release|Any CPU
		{BFA1DB00-735B-4F7A-B58D-11B85F0CDD12}.Release|Any CPU.Build.0 = Release|Any CPU
	EndGlobalSection
	GlobalSection(SolutionProperties) = preSolution
		HideSolutionNode = FALSE
	EndGlobalSection
	GlobalSection(ExtensibilityGlobals) = postSolution
		SolutionGuid = {18B99207-3722-400C-BBC3-DBFE238BF102}
	EndGlobalSection
EndGlobal
