
Microsoft Visual Studio Solution File, Format Version 12.00
# Visual Studio 14
VisualStudioVersion = 14.0.25420.1
MinimumVisualStudioVersion = 10.0.40219.1
Project("{FAE04EC0-301F-11D3-BF4B-00C04F79EFBC}") = "Persistencia.DAO", "Persistencia.DAO\Persistencia.DAO.csproj", "{3AAE3A3F-3368-4810-805F-258FEE732D4C}"
EndProject
Project("{FAE04EC0-301F-11D3-BF4B-00C04F79EFBC}") = "Apresentacao.Forms", "Apresentacao.Forms\Apresentacao.Forms.csproj", "{EF98CD5C-5D2E-4513-A0B6-7540B5D9441B}"
EndProject
Global
	GlobalSection(SolutionConfigurationPlatforms) = preSolution
		Debug|Any CPU = Debug|Any CPU
		Release|Any CPU = Release|Any CPU
	EndGlobalSection
	GlobalSection(ProjectConfigurationPlatforms) = postSolution
		{3AAE3A3F-3368-4810-805F-258FEE732D4C}.Debug|Any CPU.ActiveCfg = Debug|Any CPU
		{3AAE3A3F-3368-4810-805F-258FEE732D4C}.Debug|Any CPU.Build.0 = Debug|Any CPU
		{3AAE3A3F-3368-4810-805F-258FEE732D4C}.Release|Any CPU.ActiveCfg = Release|Any CPU
		{3AAE3A3F-3368-4810-805F-258FEE732D4C}.Release|Any CPU.Build.0 = Release|Any CPU
		{EF98CD5C-5D2E-4513-A0B6-7540B5D9441B}.Debug|Any CPU.ActiveCfg = Debug|Any CPU
		{EF98CD5C-5D2E-4513-A0B6-7540B5D9441B}.Debug|Any CPU.Build.0 = Debug|Any CPU
		{EF98CD5C-5D2E-4513-A0B6-7540B5D9441B}.Release|Any CPU.ActiveCfg = Release|Any CPU
		{EF98CD5C-5D2E-4513-A0B6-7540B5D9441B}.Release|Any CPU.Build.0 = Release|Any CPU
	EndGlobalSection
	GlobalSection(SolutionProperties) = preSolution
		HideSolutionNode = FALSE
	EndGlobalSection
EndGlobal
